// !$*UTF8*$!
{
	archiveVersion = 1;
	classes = {
	};
	objectVersion = 56;
	objects = {

/* Begin PBXBuildFile section */
		20B41A892C283CB70042CE18 /* SeedData.swift in Sources */ = {isa = PBXBuildFile; fileRef = 20B41A882C283CB70042CE18 /* SeedData.swift */; };
		20B41A8C2C283D130042CE18 /* FoodModel.swift in Sources */ = {isa = PBXBuildFile; fileRef = 20B41A8B2C283D130042CE18 /* FoodModel.swift */; };
		F6C207E12C2442150089F204 /* DinoBitesApp.swift in Sources */ = {isa = PBXBuildFile; fileRef = F6C207E02C2442150089F204 /* DinoBitesApp.swift */; };
		F6C207E32C2442150089F204 /* MainView.swift in Sources */ = {isa = PBXBuildFile; fileRef = F6C207E22C2442150089F204 /* MainView.swift */; };
		F6C207E52C2442170089F204 /* Assets.xcassets in Resources */ = {isa = PBXBuildFile; fileRef = F6C207E42C2442170089F204 /* Assets.xcassets */; };
		F6C207E82C2442170089F204 /* Preview Assets.xcassets in Resources */ = {isa = PBXBuildFile; fileRef = F6C207E72C2442170089F204 /* Preview Assets.xcassets */; };
		F6C207F02C250E580089F204 /* FoodModel.swift in Sources */ = {isa = PBXBuildFile; fileRef = F6C207EF2C250E580089F204 /* FoodModel.swift */; };
		F6C207F22C25264F0089F204 /* Home.swift in Sources */ = {isa = PBXBuildFile; fileRef = F6C207F12C25264F0089F204 /* Home.swift */; };
		F6C207F52C25D01F0089F204 /* FoodLogging.swift in Sources */ = {isa = PBXBuildFile; fileRef = F6C207F42C25D01F0089F204 /* FoodLogging.swift */; };
		F6C207F92C25EB160089F204 /* RecentFoodView.swift in Sources */ = {isa = PBXBuildFile; fileRef = F6C207F82C25EB160089F204 /* RecentFoodView.swift */; };
		F6C207FB2C27B5FA0089F204 /* ChipModel.swift in Sources */ = {isa = PBXBuildFile; fileRef = F6C207FA2C27B5FA0089F204 /* ChipModel.swift */; };
		F6C207FD2C27B71D0089F204 /* FilterChip.swift in Sources */ = {isa = PBXBuildFile; fileRef = F6C207FC2C27B71D0089F204 /* FilterChip.swift */; };
		F6C208012C27BF110089F204 /* FoodLogViewModel.swift in Sources */ = {isa = PBXBuildFile; fileRef = F6C208002C27BF110089F204 /* FoodLogViewModel.swift */; };
		F6C208062C27C09C0089F204 /* FoodCardView.swift in Sources */ = {isa = PBXBuildFile; fileRef = F6C208052C27C09C0089F204 /* FoodCardView.swift */; };
		F6C208082C2819C50089F204 /* CharacterLogView.swift in Sources */ = {isa = PBXBuildFile; fileRef = F6C208072C2819C50089F204 /* CharacterLogView.swift */; };
		F6C779F22C28488A007DE87E /* FoodReview.swift in Sources */ = {isa = PBXBuildFile; fileRef = F6C779F12C28488A007DE87E /* FoodReview.swift */; };
/* End PBXBuildFile section */

/* Begin PBXFileReference section */
		20B41A882C283CB70042CE18 /* SeedData.swift */ = {isa = PBXFileReference; lastKnownFileType = sourcecode.swift; path = SeedData.swift; sourceTree = "<group>"; };
		20B41A8B2C283D130042CE18 /* FoodModel.swift */ = {isa = PBXFileReference; lastKnownFileType = sourcecode.swift; path = FoodModel.swift; sourceTree = "<group>"; };
		F6C207DD2C2442150089F204 /* DinoBites.app */ = {isa = PBXFileReference; explicitFileType = wrapper.application; includeInIndex = 0; path = DinoBites.app; sourceTree = BUILT_PRODUCTS_DIR; };
		F6C207E02C2442150089F204 /* DinoBitesApp.swift */ = {isa = PBXFileReference; lastKnownFileType = sourcecode.swift; path = DinoBitesApp.swift; sourceTree = "<group>"; };
		F6C207E22C2442150089F204 /* MainView.swift */ = {isa = PBXFileReference; lastKnownFileType = sourcecode.swift; path = MainView.swift; sourceTree = "<group>"; };
		F6C207E42C2442170089F204 /* Assets.xcassets */ = {isa = PBXFileReference; lastKnownFileType = folder.assetcatalog; path = Assets.xcassets; sourceTree = "<group>"; };
		F6C207E72C2442170089F204 /* Preview Assets.xcassets */ = {isa = PBXFileReference; lastKnownFileType = folder.assetcatalog; path = "Preview Assets.xcassets"; sourceTree = "<group>"; };
		F6C207EF2C250E580089F204 /* FoodModel.swift */ = {isa = PBXFileReference; lastKnownFileType = sourcecode.swift; path = FoodModel.swift; sourceTree = "<group>"; };
		F6C207F12C25264F0089F204 /* Home.swift */ = {isa = PBXFileReference; lastKnownFileType = sourcecode.swift; path = Home.swift; sourceTree = "<group>"; };
		F6C207F42C25D01F0089F204 /* FoodLogging.swift */ = {isa = PBXFileReference; lastKnownFileType = sourcecode.swift; path = FoodLogging.swift; sourceTree = "<group>"; };
		F6C207F82C25EB160089F204 /* RecentFoodView.swift */ = {isa = PBXFileReference; lastKnownFileType = sourcecode.swift; path = RecentFoodView.swift; sourceTree = "<group>"; };
		F6C207FA2C27B5FA0089F204 /* ChipModel.swift */ = {isa = PBXFileReference; lastKnownFileType = sourcecode.swift; path = ChipModel.swift; sourceTree = "<group>"; };
		F6C207FC2C27B71D0089F204 /* FilterChip.swift */ = {isa = PBXFileReference; lastKnownFileType = sourcecode.swift; path = FilterChip.swift; sourceTree = "<group>"; };
		F6C208002C27BF110089F204 /* FoodLogViewModel.swift */ = {isa = PBXFileReference; lastKnownFileType = sourcecode.swift; path = FoodLogViewModel.swift; sourceTree = "<group>"; };
		F6C208052C27C09C0089F204 /* FoodCardView.swift */ = {isa = PBXFileReference; lastKnownFileType = sourcecode.swift; path = FoodCardView.swift; sourceTree = "<group>"; };
		F6C208072C2819C50089F204 /* CharacterLogView.swift */ = {isa = PBXFileReference; lastKnownFileType = sourcecode.swift; path = CharacterLogView.swift; sourceTree = "<group>"; };
		F6C779F12C28488A007DE87E /* FoodReview.swift */ = {isa = PBXFileReference; lastKnownFileType = sourcecode.swift; path = FoodReview.swift; sourceTree = "<group>"; };
/* End PBXFileReference section */

/* Begin PBXFrameworksBuildPhase section */
		F6C207DA2C2442150089F204 /* Frameworks */ = {
			isa = PBXFrameworksBuildPhase;
			buildActionMask = 2147483647;
			files = (
			);
			runOnlyForDeploymentPostprocessing = 0;
		};
/* End PBXFrameworksBuildPhase section */

/* Begin PBXGroup section */
		20B41A872C283CA80042CE18 /* Utilities */ = {
			isa = PBXGroup;
			children = (
				20B41A882C283CB70042CE18 /* SeedData.swift */,
			);
			path = Utilities;
			sourceTree = "<group>";
		};
		F6C207D42C2442150089F204 = {
			isa = PBXGroup;
			children = (
				F6C207DF2C2442150089F204 /* DinoBites */,
				F6C207DE2C2442150089F204 /* Products */,
			);
			sourceTree = "<group>";
		};
		F6C207DE2C2442150089F204 /* Products */ = {
			isa = PBXGroup;
			children = (
				F6C207DD2C2442150089F204 /* DinoBites.app */,
			);
			name = Products;
			sourceTree = "<group>";
		};
		F6C207DF2C2442150089F204 /* DinoBites */ = {
			isa = PBXGroup;
			children = (
				20B41A872C283CA80042CE18 /* Utilities */,
				F6C207FE2C27BC320089F204 /* ViewModel */,
				F6C207F32C25CFEB0089F204 /* View */,
				F6C207EE2C250E420089F204 /* Model */,
				F6C207E02C2442150089F204 /* DinoBitesApp.swift */,
				F6C207E22C2442150089F204 /* MainView.swift */,
				F6C207E42C2442170089F204 /* Assets.xcassets */,
				F6C207E62C2442170089F204 /* Preview Content */,
			);
			path = DinoBites;
			sourceTree = "<group>";
		};
		F6C207E62C2442170089F204 /* Preview Content */ = {
			isa = PBXGroup;
			children = (
				F6C207E72C2442170089F204 /* Preview Assets.xcassets */,
			);
			path = "Preview Content";
			sourceTree = "<group>";
		};
		F6C207EE2C250E420089F204 /* Model */ = {
			isa = PBXGroup;
			children = (
				F6C207EF2C250E580089F204 /* FoodModel.swift */,
				F6C207FA2C27B5FA0089F204 /* ChipModel.swift */,
				20B41A8B2C283D130042CE18 /* FoodModel.swift */,
			);
			path = Model;
			sourceTree = "<group>";
		};
		F6C207F32C25CFEB0089F204 /* View */ = {
			isa = PBXGroup;
			children = (
				F6C208042C27BFE70089F204 /* Components */,
				F6C207F12C25264F0089F204 /* Home.swift */,
				F6C207F42C25D01F0089F204 /* FoodLogging.swift */,
				F6C779F12C28488A007DE87E /* FoodReview.swift */,
			);
			path = View;
			sourceTree = "<group>";
		};
		F6C207FE2C27BC320089F204 /* ViewModel */ = {
			isa = PBXGroup;
			children = (
				F6C208002C27BF110089F204 /* FoodLogViewModel.swift */,
			);
			path = ViewModel;
			sourceTree = "<group>";
		};
		F6C208042C27BFE70089F204 /* Components */ = {
			isa = PBXGroup;
			children = (
				F6C207FC2C27B71D0089F204 /* FilterChip.swift */,
				F6C207F82C25EB160089F204 /* RecentFoodView.swift */,
				F6C208052C27C09C0089F204 /* FoodCardView.swift */,
				F6C208072C2819C50089F204 /* CharacterLogView.swift */,
			);
			path = Components;
			sourceTree = "<group>";
		};
/* End PBXGroup section */

/* Begin PBXNativeTarget section */
		F6C207DC2C2442150089F204 /* DinoBites */ = {
			isa = PBXNativeTarget;
			buildConfigurationList = F6C207EB2C2442170089F204 /* Build configuration list for PBXNativeTarget "DinoBites" */;
			buildPhases = (
				F6C207D92C2442150089F204 /* Sources */,
				F6C207DA2C2442150089F204 /* Frameworks */,
				F6C207DB2C2442150089F204 /* Resources */,
			);
			buildRules = (
			);
			dependencies = (
			);
			name = DinoBites;
			productName = DinoBites;
			productReference = F6C207DD2C2442150089F204 /* DinoBites.app */;
			productType = "com.apple.product-type.application";
		};
/* End PBXNativeTarget section */

/* Begin PBXProject section */
		F6C207D52C2442150089F204 /* Project object */ = {
			isa = PBXProject;
			attributes = {
				BuildIndependentTargetsInParallel = 1;
				LastSwiftUpdateCheck = 1530;
				LastUpgradeCheck = 1530;
				TargetAttributes = {
					F6C207DC2C2442150089F204 = {
						CreatedOnToolsVersion = 15.3;
					};
				};
			};
			buildConfigurationList = F6C207D82C2442150089F204 /* Build configuration list for PBXProject "DinoBites" */;
			compatibilityVersion = "Xcode 14.0";
			developmentRegion = en;
			hasScannedForEncodings = 0;
			knownRegions = (
				en,
				Base,
			);
			mainGroup = F6C207D42C2442150089F204;
			productRefGroup = F6C207DE2C2442150089F204 /* Products */;
			projectDirPath = "";
			projectRoot = "";
			targets = (
				F6C207DC2C2442150089F204 /* DinoBites */,
			);
		};
/* End PBXProject section */

/* Begin PBXResourcesBuildPhase section */
		F6C207DB2C2442150089F204 /* Resources */ = {
			isa = PBXResourcesBuildPhase;
			buildActionMask = 2147483647;
			files = (
				F6C207E82C2442170089F204 /* Preview Assets.xcassets in Resources */,
				F6C207E52C2442170089F204 /* Assets.xcassets in Resources */,
			);
			runOnlyForDeploymentPostprocessing = 0;
		};
/* End PBXResourcesBuildPhase section */

/* Begin PBXSourcesBuildPhase section */
		F6C207D92C2442150089F204 /* Sources */ = {
			isa = PBXSourcesBuildPhase;
			buildActionMask = 2147483647;
			files = (
				F6C207F02C250E580089F204 /* FoodModel.swift in Sources */,
				F6C207F92C25EB160089F204 /* RecentFoodView.swift in Sources */,
				F6C207E32C2442150089F204 /* MainView.swift in Sources */,
				20B41A8C2C283D130042CE18 /* FoodModel.swift in Sources */,
				F6C207F22C25264F0089F204 /* Home.swift in Sources */,
				F6C208012C27BF110089F204 /* FoodLogViewModel.swift in Sources */,
				F6C779F22C28488A007DE87E /* FoodReview.swift in Sources */,
				F6C207F52C25D01F0089F204 /* FoodLogging.swift in Sources */,
				F6C207FD2C27B71D0089F204 /* FilterChip.swift in Sources */,
				F6C207E12C2442150089F204 /* DinoBitesApp.swift in Sources */,
				20B41A892C283CB70042CE18 /* SeedData.swift in Sources */,
				F6C208062C27C09C0089F204 /* FoodCardView.swift in Sources */,
				F6C208082C2819C50089F204 /* CharacterLogView.swift in Sources */,
				F6C207FB2C27B5FA0089F204 /* ChipModel.swift in Sources */,
			);
			runOnlyForDeploymentPostprocessing = 0;
		};
/* End PBXSourcesBuildPhase section */

/* Begin XCBuildConfiguration section */
		F6C207E92C2442170089F204 /* Debug */ = {
			isa = XCBuildConfiguration;
			buildSettings = {
				ALWAYS_SEARCH_USER_PATHS = NO;
				ASSETCATALOG_COMPILER_GENERATE_SWIFT_ASSET_SYMBOL_EXTENSIONS = YES;
				CLANG_ANALYZER_NONNULL = YES;
				CLANG_ANALYZER_NUMBER_OBJECT_CONVERSION = YES_AGGRESSIVE;
				CLANG_CXX_LANGUAGE_STANDARD = "gnu++20";
				CLANG_ENABLE_MODULES = YES;
				CLANG_ENABLE_OBJC_ARC = YES;
				CLANG_ENABLE_OBJC_WEAK = YES;
				CLANG_WARN_BLOCK_CAPTURE_AUTORELEASING = YES;
				CLANG_WARN_BOOL_CONVERSION = YES;
				CLANG_WARN_COMMA = YES;
				CLANG_WARN_CONSTANT_CONVERSION = YES;
				CLANG_WARN_DEPRECATED_OBJC_IMPLEMENTATIONS = YES;
				CLANG_WARN_DIRECT_OBJC_ISA_USAGE = YES_ERROR;
				CLANG_WARN_DOCUMENTATION_COMMENTS = YES;
				CLANG_WARN_EMPTY_BODY = YES;
				CLANG_WARN_ENUM_CONVERSION = YES;
				CLANG_WARN_INFINITE_RECURSION = YES;
				CLANG_WARN_INT_CONVERSION = YES;
				CLANG_WARN_NON_LITERAL_NULL_CONVERSION = YES;
				CLANG_WARN_OBJC_IMPLICIT_RETAIN_SELF = YES;
				CLANG_WARN_OBJC_LITERAL_CONVERSION = YES;
				CLANG_WARN_OBJC_ROOT_CLASS = YES_ERROR;
				CLANG_WARN_QUOTED_INCLUDE_IN_FRAMEWORK_HEADER = YES;
				CLANG_WARN_RANGE_LOOP_ANALYSIS = YES;
				CLANG_WARN_STRICT_PROTOTYPES = YES;
				CLANG_WARN_SUSPICIOUS_MOVE = YES;
				CLANG_WARN_UNGUARDED_AVAILABILITY = YES_AGGRESSIVE;
				CLANG_WARN_UNREACHABLE_CODE = YES;
				CLANG_WARN__DUPLICATE_METHOD_MATCH = YES;
				COPY_PHASE_STRIP = NO;
				DEBUG_INFORMATION_FORMAT = dwarf;
				ENABLE_STRICT_OBJC_MSGSEND = YES;
				ENABLE_TESTABILITY = YES;
				ENABLE_USER_SCRIPT_SANDBOXING = YES;
				GCC_C_LANGUAGE_STANDARD = gnu17;
				GCC_DYNAMIC_NO_PIC = NO;
				GCC_NO_COMMON_BLOCKS = YES;
				GCC_OPTIMIZATION_LEVEL = 0;
				GCC_PREPROCESSOR_DEFINITIONS = (
					"DEBUG=1",
					"$(inherited)",
				);
				GCC_WARN_64_TO_32_BIT_CONVERSION = YES;
				GCC_WARN_ABOUT_RETURN_TYPE = YES_ERROR;
				GCC_WARN_UNDECLARED_SELECTOR = YES;
				GCC_WARN_UNINITIALIZED_AUTOS = YES_AGGRESSIVE;
				GCC_WARN_UNUSED_FUNCTION = YES;
				GCC_WARN_UNUSED_VARIABLE = YES;
				IPHONEOS_DEPLOYMENT_TARGET = 17.4;
				LOCALIZATION_PREFERS_STRING_CATALOGS = YES;
				MTL_ENABLE_DEBUG_INFO = INCLUDE_SOURCE;
				MTL_FAST_MATH = YES;
				ONLY_ACTIVE_ARCH = YES;
				SDKROOT = iphoneos;
				SWIFT_ACTIVE_COMPILATION_CONDITIONS = "DEBUG $(inherited)";
				SWIFT_OPTIMIZATION_LEVEL = "-Onone";
			};
			name = Debug;
		};
		F6C207EA2C2442170089F204 /* Release */ = {
			isa = XCBuildConfiguration;
			buildSettings = {
				ALWAYS_SEARCH_USER_PATHS = NO;
				ASSETCATALOG_COMPILER_GENERATE_SWIFT_ASSET_SYMBOL_EXTENSIONS = YES;
				CLANG_ANALYZER_NONNULL = YES;
				CLANG_ANALYZER_NUMBER_OBJECT_CONVERSION = YES_AGGRESSIVE;
				CLANG_CXX_LANGUAGE_STANDARD = "gnu++20";
				CLANG_ENABLE_MODULES = YES;
				CLANG_ENABLE_OBJC_ARC = YES;
				CLANG_ENABLE_OBJC_WEAK = YES;
				CLANG_WARN_BLOCK_CAPTURE_AUTORELEASING = YES;
				CLANG_WARN_BOOL_CONVERSION = YES;
				CLANG_WARN_COMMA = YES;
				CLANG_WARN_CONSTANT_CONVERSION = YES;
				CLANG_WARN_DEPRECATED_OBJC_IMPLEMENTATIONS = YES;
				CLANG_WARN_DIRECT_OBJC_ISA_USAGE = YES_ERROR;
				CLANG_WARN_DOCUMENTATION_COMMENTS = YES;
				CLANG_WARN_EMPTY_BODY = YES;
				CLANG_WARN_ENUM_CONVERSION = YES;
				CLANG_WARN_INFINITE_RECURSION = YES;
				CLANG_WARN_INT_CONVERSION = YES;
				CLANG_WARN_NON_LITERAL_NULL_CONVERSION = YES;
				CLANG_WARN_OBJC_IMPLICIT_RETAIN_SELF = YES;
				CLANG_WARN_OBJC_LITERAL_CONVERSION = YES;
				CLANG_WARN_OBJC_ROOT_CLASS = YES_ERROR;
				CLANG_WARN_QUOTED_INCLUDE_IN_FRAMEWORK_HEADER = YES;
				CLANG_WARN_RANGE_LOOP_ANALYSIS = YES;
				CLANG_WARN_STRICT_PROTOTYPES = YES;
				CLANG_WARN_SUSPICIOUS_MOVE = YES;
				CLANG_WARN_UNGUARDED_AVAILABILITY = YES_AGGRESSIVE;
				CLANG_WARN_UNREACHABLE_CODE = YES;
				CLANG_WARN__DUPLICATE_METHOD_MATCH = YES;
				COPY_PHASE_STRIP = NO;
				DEBUG_INFORMATION_FORMAT = "dwarf-with-dsym";
				ENABLE_NS_ASSERTIONS = NO;
				ENABLE_STRICT_OBJC_MSGSEND = YES;
				ENABLE_USER_SCRIPT_SANDBOXING = YES;
				GCC_C_LANGUAGE_STANDARD = gnu17;
				GCC_NO_COMMON_BLOCKS = YES;
				GCC_WARN_64_TO_32_BIT_CONVERSION = YES;
				GCC_WARN_ABOUT_RETURN_TYPE = YES_ERROR;
				GCC_WARN_UNDECLARED_SELECTOR = YES;
				GCC_WARN_UNINITIALIZED_AUTOS = YES_AGGRESSIVE;
				GCC_WARN_UNUSED_FUNCTION = YES;
				GCC_WARN_UNUSED_VARIABLE = YES;
				IPHONEOS_DEPLOYMENT_TARGET = 17.4;
				LOCALIZATION_PREFERS_STRING_CATALOGS = YES;
				MTL_ENABLE_DEBUG_INFO = NO;
				MTL_FAST_MATH = YES;
				SDKROOT = iphoneos;
				SWIFT_COMPILATION_MODE = wholemodule;
				VALIDATE_PRODUCT = YES;
			};
			name = Release;
		};
		F6C207EC2C2442170089F204 /* Debug */ = {
			isa = XCBuildConfiguration;
			buildSettings = {
				ASSETCATALOG_COMPILER_APPICON_NAME = AppIcon;
				ASSETCATALOG_COMPILER_GLOBAL_ACCENT_COLOR_NAME = AccentColor;
				CODE_SIGN_STYLE = Automatic;
				CURRENT_PROJECT_VERSION = 1;
				DEVELOPMENT_ASSET_PATHS = "\"DinoBites/Preview Content\"";
				DEVELOPMENT_TEAM = 49V8Q5W76J;
				ENABLE_PREVIEWS = YES;
				GENERATE_INFOPLIST_FILE = YES;
				INFOPLIST_KEY_UIApplicationSceneManifest_Generation = YES;
				INFOPLIST_KEY_UIApplicationSupportsIndirectInputEvents = YES;
				INFOPLIST_KEY_UILaunchScreen_Generation = YES;
				INFOPLIST_KEY_UISupportedInterfaceOrientations_iPad = "UIInterfaceOrientationPortrait UIInterfaceOrientationPortraitUpsideDown UIInterfaceOrientationLandscapeLeft UIInterfaceOrientationLandscapeRight";
				INFOPLIST_KEY_UISupportedInterfaceOrientations_iPhone = "UIInterfaceOrientationPortrait UIInterfaceOrientationLandscapeLeft UIInterfaceOrientationLandscapeRight";
				LD_RUNPATH_SEARCH_PATHS = (
					"$(inherited)",
					"@executable_path/Frameworks",
				);
				MARKETING_VERSION = 1.0;
				PRODUCT_BUNDLE_IDENTIFIER = test.DinoBites;
				PRODUCT_NAME = "$(TARGET_NAME)";
				SWIFT_EMIT_LOC_STRINGS = YES;
				SWIFT_VERSION = 5.0;
				TARGETED_DEVICE_FAMILY = "1,2";
			};
			name = Debug;
		};
		F6C207ED2C2442170089F204 /* Release */ = {
			isa = XCBuildConfiguration;
			buildSettings = {
				ASSETCATALOG_COMPILER_APPICON_NAME = AppIcon;
				ASSETCATALOG_COMPILER_GLOBAL_ACCENT_COLOR_NAME = AccentColor;
				CODE_SIGN_STYLE = Automatic;
				CURRENT_PROJECT_VERSION = 1;
				DEVELOPMENT_ASSET_PATHS = "\"DinoBites/Preview Content\"";
				DEVELOPMENT_TEAM = 49V8Q5W76J;
				ENABLE_PREVIEWS = YES;
				GENERATE_INFOPLIST_FILE = YES;
				INFOPLIST_KEY_UIApplicationSceneManifest_Generation = YES;
				INFOPLIST_KEY_UIApplicationSupportsIndirectInputEvents = YES;
				INFOPLIST_KEY_UILaunchScreen_Generation = YES;
				INFOPLIST_KEY_UISupportedInterfaceOrientations_iPad = "UIInterfaceOrientationPortrait UIInterfaceOrientationPortraitUpsideDown UIInterfaceOrientationLandscapeLeft UIInterfaceOrientationLandscapeRight";
				INFOPLIST_KEY_UISupportedInterfaceOrientations_iPhone = "UIInterfaceOrientationPortrait UIInterfaceOrientationLandscapeLeft UIInterfaceOrientationLandscapeRight";
				LD_RUNPATH_SEARCH_PATHS = (
					"$(inherited)",
					"@executable_path/Frameworks",
				);
				MARKETING_VERSION = 1.0;
				PRODUCT_BUNDLE_IDENTIFIER = test.DinoBites;
				PRODUCT_NAME = "$(TARGET_NAME)";
				SWIFT_EMIT_LOC_STRINGS = YES;
				SWIFT_VERSION = 5.0;
				TARGETED_DEVICE_FAMILY = "1,2";
			};
			name = Release;
		};
/* End XCBuildConfiguration section */

/* Begin XCConfigurationList section */
		F6C207D82C2442150089F204 /* Build configuration list for PBXProject "DinoBites" */ = {
			isa = XCConfigurationList;
			buildConfigurations = (
				F6C207E92C2442170089F204 /* Debug */,
				F6C207EA2C2442170089F204 /* Release */,
			);
			defaultConfigurationIsVisible = 0;
			defaultConfigurationName = Release;
		};
		F6C207EB2C2442170089F204 /* Build configuration list for PBXNativeTarget "DinoBites" */ = {
			isa = XCConfigurationList;
			buildConfigurations = (
				F6C207EC2C2442170089F204 /* Debug */,
				F6C207ED2C2442170089F204 /* Release */,
			);
			defaultConfigurationIsVisible = 0;
			defaultConfigurationName = Release;
		};
/* End XCConfigurationList section */
	};
	rootObject = F6C207D52C2442150089F204 /* Project object */;
}
